<?xml version="1.0" encoding="utf-8"?>
<Project ToolsVersion="4.0" xmlns="http://schemas.microsoft.com/developer/msbuild/2003">
  <ItemGroup>
    <Filter Include="Source Files">
      <UniqueIdentifier>{4FC737F1-C7A5-4376-A066-2A32D752A2FF}</UniqueIdentifier>
      <Extensions>cpp;c;cc;cxx;c++;cppm;ixx;def;odl;idl;hpj;bat;asm;asmx</Extensions>
    </Filter>
    <Filter Include="Header Files">
      <UniqueIdentifier>{93995380-89BD-4b04-88EB-625FBE52EBFB}</UniqueIdentifier>
      <Extensions>h;hh;hpp;hxx;h++;hm;inl;inc;ipp;xsd</Extensions>
    </Filter>
    <Filter Include="Resource Files">
      <UniqueIdentifier>{67DA6AB6-F800-4c08-8B7A-83BB121AAD01}</UniqueIdentifier>
      <Extensions>rc;ico;cur;bmp;dlg;rc2;rct;bin;rgs;gif;jpg;jpeg;jpe;resx;tiff;tif;png;wav;mfcribbon-ms</Extensions>
    </Filter>
    <Filter Include="Resource Files\shaders">
      <UniqueIdentifier>{3e844c0d-d2c2-46cc-997c-e61b0f83f40f}</UniqueIdentifier>
    </Filter>
    <Filter Include="Source Files\Dependencies">
      <UniqueIdentifier>{63d18d33-9884-430b-98ef-333381e0f5db}</UniqueIdentifier>
    </Filter>
  </ItemGroup>
  <ItemGroup>
    <ClCompile Include="src\glwindow.cpp">
      <Filter>Source Files</Filter>
    </ClCompile>
    <ClCompile Include="src\indexbuffer.cpp">
      <Filter>Source Files</Filter>
    </ClCompile>
    <ClCompile Include="src\main.cpp">
      <Filter>Source Files</Filter>
    </ClCompile>
    <ClCompile Include="src\mesh.cpp">
      <Filter>Source Files</Filter>
    </ClCompile>
    <ClCompile Include="src\model.cpp">
      <Filter>Source Files</Filter>
    </ClCompile>
    <ClCompile Include="src\shaderprogram.cpp">
      <Filter>Source Files</Filter>
    </ClCompile>
    <ClCompile Include="src\skybox.cpp">
      <Filter>Source Files</Filter>
    </ClCompile>
    <ClCompile Include="src\texture.cpp">
      <Filter>Source Files</Filter>
    </ClCompile>
    <ClCompile Include="src\vertexarray.cpp">
      <Filter>Source Files</Filter>
    </ClCompile>
    <ClCompile Include="src\vertexbuffer.cpp">
      <Filter>Source Files</Filter>
    </ClCompile>
    <ClCompile Include="src\renderer.cpp">
      <Filter>Source Files</Filter>
    </ClCompile>
    <ClCompile Include="lib\stb.c">
      <Filter>Source Files\Dependencies</Filter>
    </ClCompile>
    <ClCompile Include="lib\glad.c">
      <Filter>Source Files\Dependencies</Filter>
    </ClCompile>
    <ClCompile Include="include\imgui\imgui.cpp">
      <Filter>Source Files\Dependencies</Filter>
    </ClCompile>
    <ClCompile Include="include\imgui\imgui_demo.cpp">
      <Filter>Source Files\Dependencies</Filter>
    </ClCompile>
    <ClCompile Include="include\imgui\imgui_draw.cpp">
      <Filter>Source Files\Dependencies</Filter>
    </ClCompile>
    <ClCompile Include="include\imgui\imgui_impl_glfw.cpp">
      <Filter>Source Files\Dependencies</Filter>
    </ClCompile>
    <ClCompile Include="include\imgui\imgui_impl_opengl3.cpp">
      <Filter>Source Files\Dependencies</Filter>
    </ClCompile>
    <ClCompile Include="include\imgui\imgui_tables.cpp">
      <Filter>Source Files\Dependencies</Filter>
    </ClCompile>
    <ClCompile Include="include\imgui\imgui_widgets.cpp">
      <Filter>Source Files\Dependencies</Filter>
    </ClCompile>
    <ClCompile Include="src\screenquad.cpp">
      <Filter>Source Files</Filter>
    </ClCompile>
    <ClCompile Include="src\camera.cpp">
      <Filter>Source Files</Filter>
    </ClCompile>
    <ClCompile Include="src\framebuffer.cpp">
      <Filter>Source Files</Filter>
    </ClCompile>
    <ClCompile Include="src\multisampledframebuffer.cpp">
      <Filter>Source Files</Filter>
    </ClCompile>
    <ClCompile Include="src\shadowmapnoise.cpp">
      <Filter>Source Files</Filter>
    </ClCompile>
  </ItemGroup>
  <ItemGroup>
    <None Include="shaders\empty_fragment.glsl">
      <Filter>Resource Files\shaders</Filter>
    </None>
    <None Include="shaders\blinnphong_fragment.glsl">
      <Filter>Resource Files\shaders</Filter>
    </None>
    <None Include="shaders\model_vertex.glsl">
      <Filter>Resource Files\shaders</Filter>
    </None>
    <None Include="shaders\pbr_fragment.glsl">
      <Filter>Resource Files\shaders</Filter>
    </None>
    <None Include="shaders\postprocessing_fragment.glsl">
      <Filter>Resource Files\shaders</Filter>
    </None>
    <None Include="shaders\postprocessing_vertex.glsl">
      <Filter>Resource Files\shaders</Filter>
    </None>
    <None Include="shaders\skybox_fragment.glsl">
      <Filter>Resource Files\shaders</Filter>
    </None>
    <None Include="shaders\skybox_vertex.glsl">
      <Filter>Resource Files\shaders</Filter>
    </None>
    <None Include="shaders\modeldepth_vertex.glsl">
      <Filter>Resource Files\shaders</Filter>
    </None>
  </ItemGroup>
  <ItemGroup>
    <ClInclude Include="src\aabb.h">
      <Filter>Header Files</Filter>
    </ClInclude>
    <ClInclude Include="src\dbg.h">
      <Filter>Header Files</Filter>
    </ClInclude>
    <ClInclude Include="src\glwindow.h">
      <Filter>Header Files</Filter>
    </ClInclude>
    <ClInclude Include="src\indexbuffer.h">
      <Filter>Header Files</Filter>
    </ClInclude>
    <ClInclude Include="src\mesh.h">
      <Filter>Header Files</Filter>
    </ClInclude>
    <ClInclude Include="src\model.h">
      <Filter>Header Files</Filter>
    </ClInclude>
    <ClInclude Include="src\shaderprogram.h">
      <Filter>Header Files</Filter>
    </ClInclude>
    <ClInclude Include="src\skybox.h">
      <Filter>Header Files</Filter>
    </ClInclude>
    <ClInclude Include="src\texture.h">
      <Filter>Header Files</Filter>
    </ClInclude>
    <ClInclude Include="src\vertex.h">
      <Filter>Header Files</Filter>
    </ClInclude>
    <ClInclude Include="src\vertexarray.h">
      <Filter>Header Files</Filter>
    </ClInclude>
    <ClInclude Include="src\vertexbuffer.h">
      <Filter>Header Files</Filter>
    </ClInclude>
    <ClInclude Include="src\renderer.h">
      <Filter>Header Files</Filter>
    </ClInclude>
    <ClInclude Include="src\screenquad.h">
      <Filter>Header Files</Filter>
    </ClInclude>
    <ClInclude Include="src\camera.h">
      <Filter>Header Files</Filter>
    </ClInclude>
    <ClInclude Include="src\framebuffer.h">
      <Filter>Header Files</Filter>
    </ClInclude>
    <ClInclude Include="src\multisampledframebuffer.h">
      <Filter>Header Files</Filter>
    </ClInclude>
    <ClInclude Include="src\shadowmapnoise.h">
      <Filter>Header Files</Filter>
    </ClInclude>
  </ItemGroup>
</Project>